
Microsoft Visual Studio Solution File, Format Version 12.00
# Visual Studio Version 17
VisualStudioVersion = 17.11.35327.3
MinimumVisualStudioVersion = 10.0.40219.1
Project("{FAE04EC0-301F-11D3-BF4B-00C04F79EFBC}") = "NANDCommand", "NANDCommand.csproj", "{1AC8A688-BAF7-449C-A58C-4E81F15C8609}"
EndProject
Global
	GlobalSection(SolutionConfigurationPlatforms) = preSolution
		Debug|Any CPU = Debug|Any CPU
		Release|Any CPU = Release|Any CPU
	EndGlobalSection
	GlobalSection(ProjectConfigurationPlatforms) = postSolution
		{1AC8A688-BAF7-449C-A58C-4E81F15C8609}.Debug|Any CPU.ActiveCfg = Debug|Any CPU
		{1AC8A688-BAF7-449C-A58C-4E81F15C8609}.Debug|Any CPU.Build.0 = Debug|Any CPU
		{1AC8A688-BAF7-449C-A58C-4E81F15C8609}.Release|Any CPU.ActiveCfg = Release|Any CPU
		{1AC8A688-BAF7-449C-A58C-4E81F15C8609}.Release|Any CPU.Build.0 = Release|Any CPU
	EndGlobalSection
	GlobalSection(SolutionProperties) = preSolution
		HideSolutionNode = FALSE
	EndGlobalSection
	GlobalSection(ExtensibilityGlobals) = postSolution
		SolutionGuid = {B83F21A8-0B0D-4AF8-8D91-FF36A1CC3E19}
	EndGlobalSection
EndGlobal
